{
  "name": "KpLintasDataMultimedia",
  "lockfileVersion": 3,
  "requires": true,
  "packages": {
    "": {
      "dependencies": {
        "admin-lte": "^4.0.0"
      }
    },
    "node_modules/admin-lte": {
      "version": "4.0.0",
      "resolved": "https://registry.npmjs.org/admin-lte/-/admin-lte-4.0.0.tgz",
      "integrity": "sha512-vuUo9yFI0bxbWXKclLRRuAbxLn3x3PdEAcuXOnzoYQ9EoOAbedj87Fb4FPF4BV2rPLfScFEQLbWngS4WtmPZJA==",
      "license": "MIT"
    }
  }
}
